
Microsoft Visual Studio Solution File, Format Version 12.00
# Visual Studio Version 17
VisualStudioVersion = 17.1.32328.378
MinimumVisualStudioVersion = 10.0.40219.1
Project("{FAE04EC0-301F-11D3-BF4B-00C04F79EFBC}") = "SerilizaceDatPraceSeSoubory", "SerilizaceDatPraceSeSoubory\SerilizaceDatPraceSeSoubory.csproj", "{79BB4665-DDB4-4E64-81D5-87A12957D2FF}"
EndProject
Global
	GlobalSection(SolutionConfigurationPlatforms) = preSolution
		Debug|Any CPU = Debug|Any CPU
		Release|Any CPU = Release|Any CPU
	EndGlobalSection
	GlobalSection(ProjectConfigurationPlatforms) = postSolution
		{79BB4665-DDB4-4E64-81D5-87A12957D2FF}.Debug|Any CPU.ActiveCfg = Debug|Any CPU
		{79BB4665-DDB4-4E64-81D5-87A12957D2FF}.Debug|Any CPU.Build.0 = Debug|Any CPU
		{79BB4665-DDB4-4E64-81D5-87A12957D2FF}.Release|Any CPU.ActiveCfg = Release|Any CPU
		{79BB4665-DDB4-4E64-81D5-87A12957D2FF}.Release|Any CPU.Build.0 = Release|Any CPU
	EndGlobalSection
	GlobalSection(SolutionProperties) = preSolution
		HideSolutionNode = FALSE
	EndGlobalSection
	GlobalSection(ExtensibilityGlobals) = postSolution
		SolutionGuid = {2C131A42-CDF4-4F41-B6F1-FB1E108235BE}
	EndGlobalSection
EndGlobal
