
Microsoft Visual Studio Solution File, Format Version 12.00
# Visual Studio Version 17
VisualStudioVersion = 17.1.32328.378
MinimumVisualStudioVersion = 10.0.40219.1
Project("{FAE04EC0-301F-11D3-BF4B-00C04F79EFBC}") = "ADO.net_databaze_L4", "ADO.net_databaze_L4\ADO.net_databaze_L4.csproj", "{A6C4738C-86B1-4954-B582-9976E02D0CF1}"
EndProject
Global
	GlobalSection(SolutionConfigurationPlatforms) = preSolution
		Debug|Any CPU = Debug|Any CPU
		Release|Any CPU = Release|Any CPU
	EndGlobalSection
	GlobalSection(ProjectConfigurationPlatforms) = postSolution
		{A6C4738C-86B1-4954-B582-9976E02D0CF1}.Debug|Any CPU.ActiveCfg = Debug|Any CPU
		{A6C4738C-86B1-4954-B582-9976E02D0CF1}.Debug|Any CPU.Build.0 = Debug|Any CPU
		{A6C4738C-86B1-4954-B582-9976E02D0CF1}.Release|Any CPU.ActiveCfg = Release|Any CPU
		{A6C4738C-86B1-4954-B582-9976E02D0CF1}.Release|Any CPU.Build.0 = Release|Any CPU
	EndGlobalSection
	GlobalSection(SolutionProperties) = preSolution
		HideSolutionNode = FALSE
	EndGlobalSection
	GlobalSection(ExtensibilityGlobals) = postSolution
		SolutionGuid = {0A099968-076D-4743-A3B1-F3591C314EAA}
	EndGlobalSection
EndGlobal
